
Microsoft Visual Studio Solution File, Format Version 12.00
# Visual Studio 15
VisualStudioVersion = 15.0.27130.2036
MinimumVisualStudioVersion = 10.0.40219.1
Project("{FAE04EC0-301F-11D3-BF4B-00C04F79EFBC}") = "SortOdd", "SortOdd\SortOdd.csproj", "{CC0B2223-CA91-464B-AFC6-BC282C1B24E4}"
EndProject
Project("{FAE04EC0-301F-11D3-BF4B-00C04F79EFBC}") = "SortOddTests", "SortOddTests\SortOddTests.csproj", "{757DD9E5-1D53-435B-8683-D06467519C64}"
EndProject
Project("{FAE04EC0-301F-11D3-BF4B-00C04F79EFBC}") = "AnagramDetection", "AnagramDetection\AnagramDetection.csproj", "{8464FE24-12EE-4D5B-AF6C-3F96E089047C}"
EndProject
Project("{FAE04EC0-301F-11D3-BF4B-00C04F79EFBC}") = "AnagramDetectionTests", "AnagramDetectionTests\AnagramDetectionTests.csproj", "{219ABEDC-D295-4A93-9732-0F8BF7400E11}"
EndProject
Project("{FAE04EC0-301F-11D3-BF4B-00C04F79EFBC}") = "CarParkEscape", "CarParkEscape\CarParkEscape.csproj", "{76E34E31-AA8C-46EF-914C-3E449BD12637}"
EndProject
Project("{FAE04EC0-301F-11D3-BF4B-00C04F79EFBC}") = "CarParkEscapeTests", "CarParkEscapeTests\CarParkEscapeTests.csproj", "{8A6F7F39-60FB-4C71-B35F-9855C583AC68}"
EndProject
Project("{FAE04EC0-301F-11D3-BF4B-00C04F79EFBC}") = "LargestSum", "LargestSum\LargestSum.csproj", "{BEC68A42-75E3-4406-B454-ADC2395DD358}"
EndProject
Project("{FAE04EC0-301F-11D3-BF4B-00C04F79EFBC}") = "LargestSumTests", "LargestSumTests\LargestSumTests.csproj", "{289BB83E-9457-4C46-B8B5-E07955493086}"
EndProject
Project("{FAE04EC0-301F-11D3-BF4B-00C04F79EFBC}") = "CountingChangeCombinations", "CountingChangeCombinations\CountingChangeCombinations.csproj", "{9B0B1ABB-4BB3-45E0-B178-79666C5F7C17}"
EndProject
Project("{FAE04EC0-301F-11D3-BF4B-00C04F79EFBC}") = "CountingChangeCombinationsTests", "CountingChangeCombinationsTests\CountingChangeCombinationsTests.csproj", "{032A34A2-E8AB-4704-9685-8EF8DE5ADD3E}"
EndProject
Project("{FAE04EC0-301F-11D3-BF4B-00C04F79EFBC}") = "PascalTriangle", "PascalTriangle\PascalTriangle.csproj", "{3B4C2962-C22F-4780-BC42-FC6E440CF62F}"
EndProject
Project("{FAE04EC0-301F-11D3-BF4B-00C04F79EFBC}") = "PascalTriangleTests", "PascalTriangleTests\PascalTriangleTests.csproj", "{FC21EEA0-7B83-453C-BB7A-D6B0329225E7}"
EndProject
Project("{FAE04EC0-301F-11D3-BF4B-00C04F79EFBC}") = "FindTheMissingTermInAP", "FindTheMissingTermInAP\FindTheMissingTermInAP.csproj", "{07BB40D4-AF9A-4CF9-943C-01CCF55C3AF1}"
EndProject
Project("{FAE04EC0-301F-11D3-BF4B-00C04F79EFBC}") = "FindTheMissingTermInAPTests", "FindTheMissingTermInAPTests\FindTheMissingTermInAPTests.csproj", "{DFA6B487-82D3-4ADC-9EE8-69D6D478D8EE}"
EndProject
Project("{FAE04EC0-301F-11D3-BF4B-00C04F79EFBC}") = "Multies3Or5", "Multies3Or5\Multies3Or5.csproj", "{D7790D0F-DB38-4951-9881-75950288F494}"
EndProject
Project("{FAE04EC0-301F-11D3-BF4B-00C04F79EFBC}") = "Multies3Or5Tests", "Multies3Or5Tests\Multies3Or5Tests.csproj", "{F4E6A029-AA2D-45B8-91E5-91CFCB28A4E8}"
EndProject
Global
	GlobalSection(SolutionConfigurationPlatforms) = preSolution
		Debug|Any CPU = Debug|Any CPU
		Release|Any CPU = Release|Any CPU
	EndGlobalSection
	GlobalSection(ProjectConfigurationPlatforms) = postSolution
		{CC0B2223-CA91-464B-AFC6-BC282C1B24E4}.Debug|Any CPU.ActiveCfg = Debug|Any CPU
		{CC0B2223-CA91-464B-AFC6-BC282C1B24E4}.Debug|Any CPU.Build.0 = Debug|Any CPU
		{CC0B2223-CA91-464B-AFC6-BC282C1B24E4}.Release|Any CPU.ActiveCfg = Release|Any CPU
		{CC0B2223-CA91-464B-AFC6-BC282C1B24E4}.Release|Any CPU.Build.0 = Release|Any CPU
		{757DD9E5-1D53-435B-8683-D06467519C64}.Debug|Any CPU.ActiveCfg = Debug|Any CPU
		{757DD9E5-1D53-435B-8683-D06467519C64}.Debug|Any CPU.Build.0 = Debug|Any CPU
		{757DD9E5-1D53-435B-8683-D06467519C64}.Release|Any CPU.ActiveCfg = Release|Any CPU
		{757DD9E5-1D53-435B-8683-D06467519C64}.Release|Any CPU.Build.0 = Release|Any CPU
		{8464FE24-12EE-4D5B-AF6C-3F96E089047C}.Debug|Any CPU.ActiveCfg = Debug|Any CPU
		{8464FE24-12EE-4D5B-AF6C-3F96E089047C}.Debug|Any CPU.Build.0 = Debug|Any CPU
		{8464FE24-12EE-4D5B-AF6C-3F96E089047C}.Release|Any CPU.ActiveCfg = Release|Any CPU
		{8464FE24-12EE-4D5B-AF6C-3F96E089047C}.Release|Any CPU.Build.0 = Release|Any CPU
		{219ABEDC-D295-4A93-9732-0F8BF7400E11}.Debug|Any CPU.ActiveCfg = Debug|Any CPU
		{219ABEDC-D295-4A93-9732-0F8BF7400E11}.Debug|Any CPU.Build.0 = Debug|Any CPU
		{219ABEDC-D295-4A93-9732-0F8BF7400E11}.Release|Any CPU.ActiveCfg = Release|Any CPU
		{219ABEDC-D295-4A93-9732-0F8BF7400E11}.Release|Any CPU.Build.0 = Release|Any CPU
		{76E34E31-AA8C-46EF-914C-3E449BD12637}.Debug|Any CPU.ActiveCfg = Debug|Any CPU
		{76E34E31-AA8C-46EF-914C-3E449BD12637}.Debug|Any CPU.Build.0 = Debug|Any CPU
		{76E34E31-AA8C-46EF-914C-3E449BD12637}.Release|Any CPU.ActiveCfg = Release|Any CPU
		{76E34E31-AA8C-46EF-914C-3E449BD12637}.Release|Any CPU.Build.0 = Release|Any CPU
		{8A6F7F39-60FB-4C71-B35F-9855C583AC68}.Debug|Any CPU.ActiveCfg = Debug|Any CPU
		{8A6F7F39-60FB-4C71-B35F-9855C583AC68}.Debug|Any CPU.Build.0 = Debug|Any CPU
		{8A6F7F39-60FB-4C71-B35F-9855C583AC68}.Release|Any CPU.ActiveCfg = Release|Any CPU
		{8A6F7F39-60FB-4C71-B35F-9855C583AC68}.Release|Any CPU.Build.0 = Release|Any CPU
		{BEC68A42-75E3-4406-B454-ADC2395DD358}.Debug|Any CPU.ActiveCfg = Debug|Any CPU
		{BEC68A42-75E3-4406-B454-ADC2395DD358}.Debug|Any CPU.Build.0 = Debug|Any CPU
		{BEC68A42-75E3-4406-B454-ADC2395DD358}.Release|Any CPU.ActiveCfg = Release|Any CPU
		{BEC68A42-75E3-4406-B454-ADC2395DD358}.Release|Any CPU.Build.0 = Release|Any CPU
		{289BB83E-9457-4C46-B8B5-E07955493086}.Debug|Any CPU.ActiveCfg = Debug|Any CPU
		{289BB83E-9457-4C46-B8B5-E07955493086}.Debug|Any CPU.Build.0 = Debug|Any CPU
		{289BB83E-9457-4C46-B8B5-E07955493086}.Release|Any CPU.ActiveCfg = Release|Any CPU
		{289BB83E-9457-4C46-B8B5-E07955493086}.Release|Any CPU.Build.0 = Release|Any CPU
		{9B0B1ABB-4BB3-45E0-B178-79666C5F7C17}.Debug|Any CPU.ActiveCfg = Debug|Any CPU
		{9B0B1ABB-4BB3-45E0-B178-79666C5F7C17}.Debug|Any CPU.Build.0 = Debug|Any CPU
		{9B0B1ABB-4BB3-45E0-B178-79666C5F7C17}.Release|Any CPU.ActiveCfg = Release|Any CPU
		{9B0B1ABB-4BB3-45E0-B178-79666C5F7C17}.Release|Any CPU.Build.0 = Release|Any CPU
		{032A34A2-E8AB-4704-9685-8EF8DE5ADD3E}.Debug|Any CPU.ActiveCfg = Debug|Any CPU
		{032A34A2-E8AB-4704-9685-8EF8DE5ADD3E}.Debug|Any CPU.Build.0 = Debug|Any CPU
		{032A34A2-E8AB-4704-9685-8EF8DE5ADD3E}.Release|Any CPU.ActiveCfg = Release|Any CPU
		{032A34A2-E8AB-4704-9685-8EF8DE5ADD3E}.Release|Any CPU.Build.0 = Release|Any CPU
		{3B4C2962-C22F-4780-BC42-FC6E440CF62F}.Debug|Any CPU.ActiveCfg = Debug|Any CPU
		{3B4C2962-C22F-4780-BC42-FC6E440CF62F}.Debug|Any CPU.Build.0 = Debug|Any CPU
		{3B4C2962-C22F-4780-BC42-FC6E440CF62F}.Release|Any CPU.ActiveCfg = Release|Any CPU
		{3B4C2962-C22F-4780-BC42-FC6E440CF62F}.Release|Any CPU.Build.0 = Release|Any CPU
		{FC21EEA0-7B83-453C-BB7A-D6B0329225E7}.Debug|Any CPU.ActiveCfg = Debug|Any CPU
		{FC21EEA0-7B83-453C-BB7A-D6B0329225E7}.Debug|Any CPU.Build.0 = Debug|Any CPU
		{FC21EEA0-7B83-453C-BB7A-D6B0329225E7}.Release|Any CPU.ActiveCfg = Release|Any CPU
		{FC21EEA0-7B83-453C-BB7A-D6B0329225E7}.Release|Any CPU.Build.0 = Release|Any CPU
		{07BB40D4-AF9A-4CF9-943C-01CCF55C3AF1}.Debug|Any CPU.ActiveCfg = Debug|Any CPU
		{07BB40D4-AF9A-4CF9-943C-01CCF55C3AF1}.Debug|Any CPU.Build.0 = Debug|Any CPU
		{07BB40D4-AF9A-4CF9-943C-01CCF55C3AF1}.Release|Any CPU.ActiveCfg = Release|Any CPU
		{07BB40D4-AF9A-4CF9-943C-01CCF55C3AF1}.Release|Any CPU.Build.0 = Release|Any CPU
		{DFA6B487-82D3-4ADC-9EE8-69D6D478D8EE}.Debug|Any CPU.ActiveCfg = Debug|Any CPU
		{DFA6B487-82D3-4ADC-9EE8-69D6D478D8EE}.Debug|Any CPU.Build.0 = Debug|Any CPU
		{DFA6B487-82D3-4ADC-9EE8-69D6D478D8EE}.Release|Any CPU.ActiveCfg = Release|Any CPU
		{DFA6B487-82D3-4ADC-9EE8-69D6D478D8EE}.Release|Any CPU.Build.0 = Release|Any CPU
		{D7790D0F-DB38-4951-9881-75950288F494}.Debug|Any CPU.ActiveCfg = Debug|Any CPU
		{D7790D0F-DB38-4951-9881-75950288F494}.Debug|Any CPU.Build.0 = Debug|Any CPU
		{D7790D0F-DB38-4951-9881-75950288F494}.Release|Any CPU.ActiveCfg = Release|Any CPU
		{D7790D0F-DB38-4951-9881-75950288F494}.Release|Any CPU.Build.0 = Release|Any CPU
		{F4E6A029-AA2D-45B8-91E5-91CFCB28A4E8}.Debug|Any CPU.ActiveCfg = Debug|Any CPU
		{F4E6A029-AA2D-45B8-91E5-91CFCB28A4E8}.Debug|Any CPU.Build.0 = Debug|Any CPU
		{F4E6A029-AA2D-45B8-91E5-91CFCB28A4E8}.Release|Any CPU.ActiveCfg = Release|Any CPU
		{F4E6A029-AA2D-45B8-91E5-91CFCB28A4E8}.Release|Any CPU.Build.0 = Release|Any CPU
	EndGlobalSection
	GlobalSection(SolutionProperties) = preSolution
		HideSolutionNode = FALSE
	EndGlobalSection
	GlobalSection(ExtensibilityGlobals) = postSolution
		SolutionGuid = {381A448D-3991-4542-A540-F82BD7E72993}
	EndGlobalSection
EndGlobal
