
Microsoft Visual Studio Solution File, Format Version 12.00
# Visual Studio 15
VisualStudioVersion = 15.0.27130.2036
MinimumVisualStudioVersion = 10.0.40219.1
Project("{FAE04EC0-301F-11D3-BF4B-00C04F79EFBC}") = "SortOdd", "SortOdd\SortOdd.csproj", "{CC0B2223-CA91-464B-AFC6-BC282C1B24E4}"
EndProject
Project("{FAE04EC0-301F-11D3-BF4B-00C04F79EFBC}") = "SortOddTests", "SortOddTests\SortOddTests.csproj", "{757DD9E5-1D53-435B-8683-D06467519C64}"
EndProject
Project("{FAE04EC0-301F-11D3-BF4B-00C04F79EFBC}") = "AnagramDetection", "AnagramDetection\AnagramDetection.csproj", "{8464FE24-12EE-4D5B-AF6C-3F96E089047C}"
EndProject
Project("{FAE04EC0-301F-11D3-BF4B-00C04F79EFBC}") = "AnagramDetectionTests", "AnagramDetectionTests\AnagramDetectionTests.csproj", "{219ABEDC-D295-4A93-9732-0F8BF7400E11}"
EndProject
Project("{FAE04EC0-301F-11D3-BF4B-00C04F79EFBC}") = "CarParkEscape", "CarParkEscape\CarParkEscape.csproj", "{76E34E31-AA8C-46EF-914C-3E449BD12637}"
EndProject
Project("{FAE04EC0-301F-11D3-BF4B-00C04F79EFBC}") = "CarParkEscapeTests", "CarParkEscapeTests\CarParkEscapeTests.csproj", "{8A6F7F39-60FB-4C71-B35F-9855C583AC68}"
EndProject
Project("{FAE04EC0-301F-11D3-BF4B-00C04F79EFBC}") = "LargestSum", "LargestSum\LargestSum.csproj", "{BEC68A42-75E3-4406-B454-ADC2395DD358}"
EndProject
Project("{FAE04EC0-301F-11D3-BF4B-00C04F79EFBC}") = "LargestSumTests", "LargestSumTests\LargestSumTests.csproj", "{289BB83E-9457-4C46-B8B5-E07955493086}"
EndProject
Global
	GlobalSection(SolutionConfigurationPlatforms) = preSolution
		Debug|Any CPU = Debug|Any CPU
		Release|Any CPU = Release|Any CPU
	EndGlobalSection
	GlobalSection(ProjectConfigurationPlatforms) = postSolution
		{CC0B2223-CA91-464B-AFC6-BC282C1B24E4}.Debug|Any CPU.ActiveCfg = Debug|Any CPU
		{CC0B2223-CA91-464B-AFC6-BC282C1B24E4}.Debug|Any CPU.Build.0 = Debug|Any CPU
		{CC0B2223-CA91-464B-AFC6-BC282C1B24E4}.Release|Any CPU.ActiveCfg = Release|Any CPU
		{CC0B2223-CA91-464B-AFC6-BC282C1B24E4}.Release|Any CPU.Build.0 = Release|Any CPU
		{757DD9E5-1D53-435B-8683-D06467519C64}.Debug|Any CPU.ActiveCfg = Debug|Any CPU
		{757DD9E5-1D53-435B-8683-D06467519C64}.Debug|Any CPU.Build.0 = Debug|Any CPU
		{757DD9E5-1D53-435B-8683-D06467519C64}.Release|Any CPU.ActiveCfg = Release|Any CPU
		{757DD9E5-1D53-435B-8683-D06467519C64}.Release|Any CPU.Build.0 = Release|Any CPU
		{8464FE24-12EE-4D5B-AF6C-3F96E089047C}.Debug|Any CPU.ActiveCfg = Debug|Any CPU
		{8464FE24-12EE-4D5B-AF6C-3F96E089047C}.Debug|Any CPU.Build.0 = Debug|Any CPU
		{8464FE24-12EE-4D5B-AF6C-3F96E089047C}.Release|Any CPU.ActiveCfg = Release|Any CPU
		{8464FE24-12EE-4D5B-AF6C-3F96E089047C}.Release|Any CPU.Build.0 = Release|Any CPU
		{219ABEDC-D295-4A93-9732-0F8BF7400E11}.Debug|Any CPU.ActiveCfg = Debug|Any CPU
		{219ABEDC-D295-4A93-9732-0F8BF7400E11}.Debug|Any CPU.Build.0 = Debug|Any CPU
		{219ABEDC-D295-4A93-9732-0F8BF7400E11}.Release|Any CPU.ActiveCfg = Release|Any CPU
		{219ABEDC-D295-4A93-9732-0F8BF7400E11}.Release|Any CPU.Build.0 = Release|Any CPU
		{76E34E31-AA8C-46EF-914C-3E449BD12637}.Debug|Any CPU.ActiveCfg = Debug|Any CPU
		{76E34E31-AA8C-46EF-914C-3E449BD12637}.Debug|Any CPU.Build.0 = Debug|Any CPU
		{76E34E31-AA8C-46EF-914C-3E449BD12637}.Release|Any CPU.ActiveCfg = Release|Any CPU
		{76E34E31-AA8C-46EF-914C-3E449BD12637}.Release|Any CPU.Build.0 = Release|Any CPU
		{8A6F7F39-60FB-4C71-B35F-9855C583AC68}.Debug|Any CPU.ActiveCfg = Debug|Any CPU
		{8A6F7F39-60FB-4C71-B35F-9855C583AC68}.Debug|Any CPU.Build.0 = Debug|Any CPU
		{8A6F7F39-60FB-4C71-B35F-9855C583AC68}.Release|Any CPU.ActiveCfg = Release|Any CPU
		{8A6F7F39-60FB-4C71-B35F-9855C583AC68}.Release|Any CPU.Build.0 = Release|Any CPU
		{BEC68A42-75E3-4406-B454-ADC2395DD358}.Debug|Any CPU.ActiveCfg = Debug|Any CPU
		{BEC68A42-75E3-4406-B454-ADC2395DD358}.Debug|Any CPU.Build.0 = Debug|Any CPU
		{BEC68A42-75E3-4406-B454-ADC2395DD358}.Release|Any CPU.ActiveCfg = Release|Any CPU
		{BEC68A42-75E3-4406-B454-ADC2395DD358}.Release|Any CPU.Build.0 = Release|Any CPU
		{289BB83E-9457-4C46-B8B5-E07955493086}.Debug|Any CPU.ActiveCfg = Debug|Any CPU
		{289BB83E-9457-4C46-B8B5-E07955493086}.Debug|Any CPU.Build.0 = Debug|Any CPU
		{289BB83E-9457-4C46-B8B5-E07955493086}.Release|Any CPU.ActiveCfg = Release|Any CPU
		{289BB83E-9457-4C46-B8B5-E07955493086}.Release|Any CPU.Build.0 = Release|Any CPU
	EndGlobalSection
	GlobalSection(SolutionProperties) = preSolution
		HideSolutionNode = FALSE
	EndGlobalSection
	GlobalSection(ExtensibilityGlobals) = postSolution
		SolutionGuid = {381A448D-3991-4542-A540-F82BD7E72993}
	EndGlobalSection
EndGlobal
